{
  "requires": true,
  "lockfileVersion": 1,
  "dependencies": {
    "image-downloader": {
      "version": "4.0.2",
      "resolved": "https://registry.npmjs.org/image-downloader/-/image-downloader-4.0.2.tgz",
      "integrity": "sha512-lk3kQ5dwGMZz2Q1UHAFVOhTLW73lV55s5DSM4rDPttEKtRrf9yEWxwRlXp9xIr7owvTeIEAc4VCPAghunlNxzQ=="
    }
  }
}
